
Microsoft Visual Studio Solution File, Format Version 12.00
# Visual Studio Version 17
VisualStudioVersion = 17.8.34316.72
MinimumVisualStudioVersion = 10.0.40219.1
Project("{9A19103F-16F7-4668-BE54-9A1E7A4F7556}") = "NetflixApi.Domain", "NetflixApi.Domain\NetflixApi.Domain.csproj", "{7F4DC12E-EFB3-460F-AF9A-BD4C5ECF248B}"
EndProject
Project("{2150E333-8FDC-42A3-9474-1A3956D46DE8}") = "01 - Docs", "01 - Docs", "{B672AB64-9980-4C7D-83F8-B9FB1B9B86E1}"
EndProject
Project("{2150E333-8FDC-42A3-9474-1A3956D46DE8}") = "02 - Core", "02 - Core", "{4F242758-954D-4457-BAFA-3C5139987514}"
EndProject
Project("{9A19103F-16F7-4668-BE54-9A1E7A4F7556}") = "NetflixApi.Application", "..\NetflixApi.Application\NetflixApi.Application.csproj", "{113F04B2-7D61-4EE7-A78E-CEEB1FA0983F}"
EndProject
Project("{2150E333-8FDC-42A3-9474-1A3956D46DE8}") = "03 - Data", "03 - Data", "{5C767807-3CF8-4451-8E48-296FB0EA9746}"
EndProject
Project("{9A19103F-16F7-4668-BE54-9A1E7A4F7556}") = "NetflixApi.Infrastructure", "..\NetflixApi.Infrastructure\NetflixApi.Infrastructure.csproj", "{B1B89E41-68AC-4FDF-BE6C-9D919AAD7FF7}"
EndProject
Project("{FAE04EC0-301F-11D3-BF4B-00C04F79EFBC}") = "NetflixApi.Api", "..\NetflixApi.Api\NetflixApi.Api.csproj", "{511A5AFE-FC20-474E-90F9-FD3D6F609235}"
EndProject
Project("{2150E333-8FDC-42A3-9474-1A3956D46DE8}") = "04 - APIs", "04 - APIs", "{DB098420-79AF-4AA4-AB04-3AAB7EE385ED}"
EndProject
Global
	GlobalSection(SolutionConfigurationPlatforms) = preSolution
		Debug|Any CPU = Debug|Any CPU
		Release|Any CPU = Release|Any CPU
	EndGlobalSection
	GlobalSection(ProjectConfigurationPlatforms) = postSolution
		{7F4DC12E-EFB3-460F-AF9A-BD4C5ECF248B}.Debug|Any CPU.ActiveCfg = Debug|Any CPU
		{7F4DC12E-EFB3-460F-AF9A-BD4C5ECF248B}.Debug|Any CPU.Build.0 = Debug|Any CPU
		{7F4DC12E-EFB3-460F-AF9A-BD4C5ECF248B}.Release|Any CPU.ActiveCfg = Release|Any CPU
		{7F4DC12E-EFB3-460F-AF9A-BD4C5ECF248B}.Release|Any CPU.Build.0 = Release|Any CPU
		{113F04B2-7D61-4EE7-A78E-CEEB1FA0983F}.Debug|Any CPU.ActiveCfg = Debug|Any CPU
		{113F04B2-7D61-4EE7-A78E-CEEB1FA0983F}.Debug|Any CPU.Build.0 = Debug|Any CPU
		{113F04B2-7D61-4EE7-A78E-CEEB1FA0983F}.Release|Any CPU.ActiveCfg = Release|Any CPU
		{113F04B2-7D61-4EE7-A78E-CEEB1FA0983F}.Release|Any CPU.Build.0 = Release|Any CPU
		{B1B89E41-68AC-4FDF-BE6C-9D919AAD7FF7}.Debug|Any CPU.ActiveCfg = Debug|Any CPU
		{B1B89E41-68AC-4FDF-BE6C-9D919AAD7FF7}.Debug|Any CPU.Build.0 = Debug|Any CPU
		{B1B89E41-68AC-4FDF-BE6C-9D919AAD7FF7}.Release|Any CPU.ActiveCfg = Release|Any CPU
		{B1B89E41-68AC-4FDF-BE6C-9D919AAD7FF7}.Release|Any CPU.Build.0 = Release|Any CPU
		{511A5AFE-FC20-474E-90F9-FD3D6F609235}.Debug|Any CPU.ActiveCfg = Debug|Any CPU
		{511A5AFE-FC20-474E-90F9-FD3D6F609235}.Debug|Any CPU.Build.0 = Debug|Any CPU
		{511A5AFE-FC20-474E-90F9-FD3D6F609235}.Release|Any CPU.ActiveCfg = Release|Any CPU
		{511A5AFE-FC20-474E-90F9-FD3D6F609235}.Release|Any CPU.Build.0 = Release|Any CPU
	EndGlobalSection
	GlobalSection(SolutionProperties) = preSolution
		HideSolutionNode = FALSE
	EndGlobalSection
	GlobalSection(NestedProjects) = preSolution
		{7F4DC12E-EFB3-460F-AF9A-BD4C5ECF248B} = {4F242758-954D-4457-BAFA-3C5139987514}
		{113F04B2-7D61-4EE7-A78E-CEEB1FA0983F} = {4F242758-954D-4457-BAFA-3C5139987514}
		{B1B89E41-68AC-4FDF-BE6C-9D919AAD7FF7} = {5C767807-3CF8-4451-8E48-296FB0EA9746}
		{511A5AFE-FC20-474E-90F9-FD3D6F609235} = {DB098420-79AF-4AA4-AB04-3AAB7EE385ED}
	EndGlobalSection
	GlobalSection(ExtensibilityGlobals) = postSolution
		SolutionGuid = {AA31509A-FEA6-498D-8341-7643BD4B3802}
	EndGlobalSection
EndGlobal
